Microsoft Visual Studio Solution File, Format Version 12.00
# Visual Studio Version 17
VisualStudioVersion = 17.5.2.0
MinimumVisualStudioVersion = 10.0.40219.1
Project("{FAE04EC0-301F-11D3-BF4B-00C04F79EFBC}") = "OrderManagement.Api", "OrderManagement.Api\OrderManagement.Api.csproj", "{AD14F77F-030D-D8C9-61F4-026F2C6AD086}"
EndProject
Global
	GlobalSection(SolutionConfigurationPlatforms) = preSolution
		Debug|Any CPU = Debug|Any CPU
		Release|Any CPU = Release|Any CPU
	EndGlobalSection
	GlobalSection(ProjectConfigurationPlatforms) = postSolution
		{AD14F77F-030D-D8C9-61F4-026F2C6AD086}.Debug|Any CPU.ActiveCfg = Debug|Any CPU
		{AD14F77F-030D-D8C9-61F4-026F2C6AD086}.Debug|Any CPU.Build.0 = Debug|Any CPU
		{AD14F77F-030D-D8C9-61F4-026F2C6AD086}.Release|Any CPU.ActiveCfg = Release|Any CPU
		{AD14F77F-030D-D8C9-61F4-026F2C6AD086}.Release|Any CPU.Build.0 = Release|Any CPU
	EndGlobalSection
	GlobalSection(SolutionProperties) = preSolution
		HideSolutionNode = FALSE
	EndGlobalSection
	GlobalSection(ExtensibilityGlobals) = postSolution
		SolutionGuid = {9321B597-09BF-4658-9F2C-FE7185A8D80F}
	EndGlobalSection
EndGlobal
